
Microsoft Visual Studio Solution File, Format Version 12.00
Project("{FAE04EC0-301F-11D3-BF4B-00C04F79EFBC}") = "DefoldSharp", "DefoldSharpLib\DefoldSharp.csproj", "{AFF3A241-EFAC-4D58-AC49-C311D67C7546}"
EndProject
Global
	GlobalSection(SolutionConfigurationPlatforms) = preSolution
		Debug|Any CPU = Debug|Any CPU
		Release|Any CPU = Release|Any CPU
	EndGlobalSection
	GlobalSection(ProjectConfigurationPlatforms) = postSolution
		{AFF3A241-EFAC-4D58-AC49-C311D67C7546}.Debug|Any CPU.ActiveCfg = Debug|Any CPU
		{AFF3A241-EFAC-4D58-AC49-C311D67C7546}.Debug|Any CPU.Build.0 = Debug|Any CPU
		{AFF3A241-EFAC-4D58-AC49-C311D67C7546}.Release|Any CPU.ActiveCfg = Release|Any CPU
		{AFF3A241-EFAC-4D58-AC49-C311D67C7546}.Release|Any CPU.Build.0 = Release|Any CPU
	EndGlobalSection
EndGlobal
